
Microsoft Visual Studio Solution File, Format Version 12.00
# Visual Studio 15
VisualStudioVersion = 15.0.28307.1401
MinimumVisualStudioVersion = 10.0.40219.1
Project("{FAE04EC0-301F-11D3-BF4B-00C04F79EFBC}") = "highchart_demo", "highchart_demo\highchart_demo.csproj", "{3E63DBA1-F225-4A0D-ADC3-738D4D281655}"
EndProject
Global
	GlobalSection(SolutionConfigurationPlatforms) = preSolution
		Debug|Any CPU = Debug|Any CPU
		Release|Any CPU = Release|Any CPU
	EndGlobalSection
	GlobalSection(ProjectConfigurationPlatforms) = postSolution
		{3E63DBA1-F225-4A0D-ADC3-738D4D281655}.Debug|Any CPU.ActiveCfg = Debug|Any CPU
		{3E63DBA1-F225-4A0D-ADC3-738D4D281655}.Debug|Any CPU.Build.0 = Debug|Any CPU
		{3E63DBA1-F225-4A0D-ADC3-738D4D281655}.Release|Any CPU.ActiveCfg = Release|Any CPU
		{3E63DBA1-F225-4A0D-ADC3-738D4D281655}.Release|Any CPU.Build.0 = Release|Any CPU
	EndGlobalSection
	GlobalSection(SolutionProperties) = preSolution
		HideSolutionNode = FALSE
	EndGlobalSection
	GlobalSection(ExtensibilityGlobals) = postSolution
		SolutionGuid = {0175037B-8125-4193-873A-598D9A69764A}
	EndGlobalSection
EndGlobal
